
Microsoft Visual Studio Solution File, Format Version 12.00
# Visual Studio Version 16
VisualStudioVersion = 16.0.29102.190
MinimumVisualStudioVersion = 10.0.40219.1
Project("{FAE04EC0-301F-11D3-BF4B-00C04F79EFBC}") = "Yetibyte.Unity.SaveFileManagement", "Yetibyte.Unity.SaveFileManagement\Yetibyte.Unity.SaveFileManagement.csproj", "{0218AC03-07E1-450B-A88E-35C8838BE8A3}"
EndProject
Global
	GlobalSection(SolutionConfigurationPlatforms) = preSolution
		Debug|Any CPU = Debug|Any CPU
		Release|Any CPU = Release|Any CPU
	EndGlobalSection
	GlobalSection(ProjectConfigurationPlatforms) = postSolution
		{0218AC03-07E1-450B-A88E-35C8838BE8A3}.Debug|Any CPU.ActiveCfg = Debug|Any CPU
		{0218AC03-07E1-450B-A88E-35C8838BE8A3}.Debug|Any CPU.Build.0 = Debug|Any CPU
		{0218AC03-07E1-450B-A88E-35C8838BE8A3}.Release|Any CPU.ActiveCfg = Release|Any CPU
		{0218AC03-07E1-450B-A88E-35C8838BE8A3}.Release|Any CPU.Build.0 = Release|Any CPU
	EndGlobalSection
	GlobalSection(SolutionProperties) = preSolution
		HideSolutionNode = FALSE
	EndGlobalSection
	GlobalSection(ExtensibilityGlobals) = postSolution
		SolutionGuid = {F67893DC-F841-4693-8213-7B08A8070599}
	EndGlobalSection
EndGlobal
